
Microsoft Visual Studio Solution File, Format Version 12.00
# Visual Studio Version 16
VisualStudioVersion = 16.0.28803.352
MinimumVisualStudioVersion = 10.0.40219.1
Project("{888888A0-9F3D-457C-B088-3A5042F75D52}") = "superlistsTest", "superlistsTest.pyproj", "{EFF1FD8B-D2F5-4604-95F5-E4D5274C972B}"
EndProject
Global
	GlobalSection(SolutionConfigurationPlatforms) = preSolution
		Debug|Any CPU = Debug|Any CPU
		Release|Any CPU = Release|Any CPU
	EndGlobalSection
	GlobalSection(ProjectConfigurationPlatforms) = postSolution
		{EFF1FD8B-D2F5-4604-95F5-E4D5274C972B}.Debug|Any CPU.ActiveCfg = Debug|Any CPU
		{EFF1FD8B-D2F5-4604-95F5-E4D5274C972B}.Release|Any CPU.ActiveCfg = Release|Any CPU
	EndGlobalSection
	GlobalSection(SolutionProperties) = preSolution
		HideSolutionNode = FALSE
	EndGlobalSection
	GlobalSection(ExtensibilityGlobals) = postSolution
		SolutionGuid = {FC304A9D-4842-4652-9BB8-EB42E955D59A}
	EndGlobalSection
EndGlobal
